
Microsoft Visual Studio Solution File, Format Version 12.00
# Visual Studio Version 16
VisualStudioVersion = 16.0.30011.22
MinimumVisualStudioVersion = 10.0.40219.1
Project("{9A19103F-16F7-4668-BE54-9A1E7A4F7556}") = "Radar.Identity.UI", "frontend\Radar.Identity.UI\Radar.Identity.UI.csproj", "{D46BA826-1581-48CB-9D15-0FEECBD5ED03}"
EndProject
Project("{9A19103F-16F7-4668-BE54-9A1E7A4F7556}") = "Radar.Identity.Api", "backend\Radar.Identity.Api\Radar.Identity.Api.csproj", "{D1F8FD4D-0836-4FED-A6A2-FB6B5EC427E2}"
EndProject
Project("{9A19103F-16F7-4668-BE54-9A1E7A4F7556}") = "Radar.Identity.Database", "backend\Radar.Identity.Database\Radar.Identity.Database.csproj", "{6F4471FF-13A6-4E7C-B115-7354D2654E86}"
EndProject
Project("{2150E333-8FDC-42A3-9474-1A3956D46DE8}") = "Tests", "Tests", "{7F5E161E-0523-4964-A881-AF241F7720E2}"
EndProject
Project("{FAE04EC0-301F-11D3-BF4B-00C04F79EFBC}") = "Radar.Identity.UI.Tests", "..\tests\Radar.Identity.UI.Tests\Radar.Identity.UI.Tests.csproj", "{1257229E-5436-44BF-8EC9-346038EC13EC}"
EndProject
Project("{FAE04EC0-301F-11D3-BF4B-00C04F79EFBC}") = "Radar.Identity.Api.Tests", "..\tests\Radar.Identity.Api.Tests\Radar.Identity.Api.Tests.csproj", "{52D59983-EF45-4FB9-AA0B-CAF70C979E6C}"
EndProject
Global
	GlobalSection(SolutionConfigurationPlatforms) = preSolution
		Debug|Any CPU = Debug|Any CPU
		Release|Any CPU = Release|Any CPU
	EndGlobalSection
	GlobalSection(ProjectConfigurationPlatforms) = postSolution
		{D46BA826-1581-48CB-9D15-0FEECBD5ED03}.Debug|Any CPU.ActiveCfg = Debug|Any CPU
		{D46BA826-1581-48CB-9D15-0FEECBD5ED03}.Debug|Any CPU.Build.0 = Debug|Any CPU
		{D46BA826-1581-48CB-9D15-0FEECBD5ED03}.Release|Any CPU.ActiveCfg = Release|Any CPU
		{D46BA826-1581-48CB-9D15-0FEECBD5ED03}.Release|Any CPU.Build.0 = Release|Any CPU
		{D1F8FD4D-0836-4FED-A6A2-FB6B5EC427E2}.Debug|Any CPU.ActiveCfg = Debug|Any CPU
		{D1F8FD4D-0836-4FED-A6A2-FB6B5EC427E2}.Debug|Any CPU.Build.0 = Debug|Any CPU
		{D1F8FD4D-0836-4FED-A6A2-FB6B5EC427E2}.Release|Any CPU.ActiveCfg = Release|Any CPU
		{D1F8FD4D-0836-4FED-A6A2-FB6B5EC427E2}.Release|Any CPU.Build.0 = Release|Any CPU
		{6F4471FF-13A6-4E7C-B115-7354D2654E86}.Debug|Any CPU.ActiveCfg = Debug|Any CPU
		{6F4471FF-13A6-4E7C-B115-7354D2654E86}.Debug|Any CPU.Build.0 = Debug|Any CPU
		{6F4471FF-13A6-4E7C-B115-7354D2654E86}.Release|Any CPU.ActiveCfg = Release|Any CPU
		{6F4471FF-13A6-4E7C-B115-7354D2654E86}.Release|Any CPU.Build.0 = Release|Any CPU
		{1257229E-5436-44BF-8EC9-346038EC13EC}.Debug|Any CPU.ActiveCfg = Debug|Any CPU
		{1257229E-5436-44BF-8EC9-346038EC13EC}.Debug|Any CPU.Build.0 = Debug|Any CPU
		{1257229E-5436-44BF-8EC9-346038EC13EC}.Release|Any CPU.ActiveCfg = Release|Any CPU
		{1257229E-5436-44BF-8EC9-346038EC13EC}.Release|Any CPU.Build.0 = Release|Any CPU
		{52D59983-EF45-4FB9-AA0B-CAF70C979E6C}.Debug|Any CPU.ActiveCfg = Debug|Any CPU
		{52D59983-EF45-4FB9-AA0B-CAF70C979E6C}.Debug|Any CPU.Build.0 = Debug|Any CPU
		{52D59983-EF45-4FB9-AA0B-CAF70C979E6C}.Release|Any CPU.ActiveCfg = Release|Any CPU
		{52D59983-EF45-4FB9-AA0B-CAF70C979E6C}.Release|Any CPU.Build.0 = Release|Any CPU
	EndGlobalSection
	GlobalSection(SolutionProperties) = preSolution
		HideSolutionNode = FALSE
	EndGlobalSection
	GlobalSection(NestedProjects) = preSolution
		{1257229E-5436-44BF-8EC9-346038EC13EC} = {7F5E161E-0523-4964-A881-AF241F7720E2}
		{52D59983-EF45-4FB9-AA0B-CAF70C979E6C} = {7F5E161E-0523-4964-A881-AF241F7720E2}
	EndGlobalSection
	GlobalSection(ExtensibilityGlobals) = postSolution
		SolutionGuid = {EED16F10-5111-4BD6-916F-2E61EB7203B6}
	EndGlobalSection
EndGlobal
